
Microsoft Visual Studio Solution File, Format Version 12.00
# Visual Studio Version 17
VisualStudioVersion = 17.2.32616.157
MinimumVisualStudioVersion = 10.0.40219.1
Project("{9A19103F-16F7-4668-BE54-9A1E7A4F7556}") = "CarVenture", "CarVenture\CarVenture.csproj", "{A0F83C36-DACA-4275-9685-DC1D8E632047}"
EndProject
Project("{9A19103F-16F7-4668-BE54-9A1E7A4F7556}") = "CarVenture.Models", "CarVenture.Models\CarVenture.Models.csproj", "{0A58EA46-B21D-447F-9C2E-2D71132E3EEF}"
EndProject
Project("{9A19103F-16F7-4668-BE54-9A1E7A4F7556}") = "CarVenture.Data", "CarVenture.Data\CarVenture.Data.csproj", "{CA79C9A1-D352-4419-88CE-687C6DA9B11C}"
EndProject
Project("{9A19103F-16F7-4668-BE54-9A1E7A4F7556}") = "CarVenture.Utilities", "CarVenture.Utilities\CarVenture.Utilities.csproj", "{05998A2E-7ECE-40BD-B624-43ED9E779DB0}"
EndProject
Project("{9A19103F-16F7-4668-BE54-9A1E7A4F7556}") = "CarVenture.Core", "CarVenture.Core\CarVenture.Core.csproj", "{755D3BC5-8D8C-4A85-AB63-24A67148AD88}"
EndProject
Project("{9A19103F-16F7-4668-BE54-9A1E7A4F7556}") = "CarVenture.Dtos", "CarVenture.Dtos\CarVenture.Dtos.csproj", "{AC43CD6C-81D9-4949-AD62-61D88B7E36CA}"
EndProject
Project("{FAE04EC0-301F-11D3-BF4B-00C04F79EFBC}") = "CarVenture.Helpers", "CarVenture.Helpers\CarVenture.Helpers.csproj", "{DFB980C3-C979-410D-83AD-8870F969C087}"
EndProject
Global
	GlobalSection(SolutionConfigurationPlatforms) = preSolution
		Debug|Any CPU = Debug|Any CPU
		Release|Any CPU = Release|Any CPU
	EndGlobalSection
	GlobalSection(ProjectConfigurationPlatforms) = postSolution
		{A0F83C36-DACA-4275-9685-DC1D8E632047}.Debug|Any CPU.ActiveCfg = Debug|Any CPU
		{A0F83C36-DACA-4275-9685-DC1D8E632047}.Debug|Any CPU.Build.0 = Debug|Any CPU
		{A0F83C36-DACA-4275-9685-DC1D8E632047}.Release|Any CPU.ActiveCfg = Release|Any CPU
		{A0F83C36-DACA-4275-9685-DC1D8E632047}.Release|Any CPU.Build.0 = Release|Any CPU
		{0A58EA46-B21D-447F-9C2E-2D71132E3EEF}.Debug|Any CPU.ActiveCfg = Debug|Any CPU
		{0A58EA46-B21D-447F-9C2E-2D71132E3EEF}.Debug|Any CPU.Build.0 = Debug|Any CPU
		{0A58EA46-B21D-447F-9C2E-2D71132E3EEF}.Release|Any CPU.ActiveCfg = Release|Any CPU
		{0A58EA46-B21D-447F-9C2E-2D71132E3EEF}.Release|Any CPU.Build.0 = Release|Any CPU
		{CA79C9A1-D352-4419-88CE-687C6DA9B11C}.Debug|Any CPU.ActiveCfg = Debug|Any CPU
		{CA79C9A1-D352-4419-88CE-687C6DA9B11C}.Debug|Any CPU.Build.0 = Debug|Any CPU
		{CA79C9A1-D352-4419-88CE-687C6DA9B11C}.Release|Any CPU.ActiveCfg = Release|Any CPU
		{CA79C9A1-D352-4419-88CE-687C6DA9B11C}.Release|Any CPU.Build.0 = Release|Any CPU
		{05998A2E-7ECE-40BD-B624-43ED9E779DB0}.Debug|Any CPU.ActiveCfg = Debug|Any CPU
		{05998A2E-7ECE-40BD-B624-43ED9E779DB0}.Debug|Any CPU.Build.0 = Debug|Any CPU
		{05998A2E-7ECE-40BD-B624-43ED9E779DB0}.Release|Any CPU.ActiveCfg = Release|Any CPU
		{05998A2E-7ECE-40BD-B624-43ED9E779DB0}.Release|Any CPU.Build.0 = Release|Any CPU
		{755D3BC5-8D8C-4A85-AB63-24A67148AD88}.Debug|Any CPU.ActiveCfg = Debug|Any CPU
		{755D3BC5-8D8C-4A85-AB63-24A67148AD88}.Debug|Any CPU.Build.0 = Debug|Any CPU
		{755D3BC5-8D8C-4A85-AB63-24A67148AD88}.Release|Any CPU.ActiveCfg = Release|Any CPU
		{755D3BC5-8D8C-4A85-AB63-24A67148AD88}.Release|Any CPU.Build.0 = Release|Any CPU
		{AC43CD6C-81D9-4949-AD62-61D88B7E36CA}.Debug|Any CPU.ActiveCfg = Debug|Any CPU
		{AC43CD6C-81D9-4949-AD62-61D88B7E36CA}.Debug|Any CPU.Build.0 = Debug|Any CPU
		{AC43CD6C-81D9-4949-AD62-61D88B7E36CA}.Release|Any CPU.ActiveCfg = Release|Any CPU
		{AC43CD6C-81D9-4949-AD62-61D88B7E36CA}.Release|Any CPU.Build.0 = Release|Any CPU
		{DFB980C3-C979-410D-83AD-8870F969C087}.Debug|Any CPU.ActiveCfg = Debug|Any CPU
		{DFB980C3-C979-410D-83AD-8870F969C087}.Debug|Any CPU.Build.0 = Debug|Any CPU
		{DFB980C3-C979-410D-83AD-8870F969C087}.Release|Any CPU.ActiveCfg = Release|Any CPU
		{DFB980C3-C979-410D-83AD-8870F969C087}.Release|Any CPU.Build.0 = Release|Any CPU
	EndGlobalSection
	GlobalSection(SolutionProperties) = preSolution
		HideSolutionNode = FALSE
	EndGlobalSection
	GlobalSection(ExtensibilityGlobals) = postSolution
		SolutionGuid = {310496F8-E1D1-4B69-BCC8-DACF7EC90B4C}
	EndGlobalSection
EndGlobal
